Microsoft Visual Studio Solution File, Format Version 11.00
# Visual Studio 2008

Project("{F71DBE52-628A-3F83-A77A-B494817525C6}") = "toto", "Assembly-CSharp.csproj", "{617456D5-4287-AF04-85AF-45F7B16DB813}"
EndProject
Global
	GlobalSection(SolutionConfigurationPlatforms) = preSolution
		Debug|Any CPU = Debug|Any CPU
		Release|Any CPU = Release|Any CPU
	EndGlobalSection
	GlobalSection(ProjectConfigurationPlatforms) = postSolution
		{617456D5-4287-AF04-85AF-45F7B16DB813}.Debug|Any CPU.ActiveCfg = Debug|Any CPU
		{617456D5-4287-AF04-85AF-45F7B16DB813}.Debug|Any CPU.Build.0 = Debug|Any CPU
		{617456D5-4287-AF04-85AF-45F7B16DB813}.Release|Any CPU.ActiveCfg = Release|Any CPU
		{617456D5-4287-AF04-85AF-45F7B16DB813}.Release|Any CPU.Build.0 = Release|Any CPU
	EndGlobalSection
	GlobalSection(SolutionProperties) = preSolution
		HideSolutionNode = FALSE
	EndGlobalSection
	GlobalSection(MonoDevelopProperties) = preSolution
		StartupItem = Assembly-CSharp.csproj
	EndGlobalSection
EndGlobal
